
Microsoft Visual Studio Solution File, Format Version 12.00
# Visual Studio Version 17
VisualStudioVersion = 17.0.31611.283
MinimumVisualStudioVersion = 10.0.40219.1
Project("{9A19103F-16F7-4668-BE54-9A1E7A4F7556}") = "FlashCardApplication.UI", "FlashCardApplication.UI\FlashCardApplication.UI.csproj", "{DF1E5C51-BE59-4EED-BBB0-7303FCFB0381}"
EndProject
Project("{9A19103F-16F7-4668-BE54-9A1E7A4F7556}") = "FlashCardApplication.Domain", "FlashCardApplication.Domain\FlashCardApplication.Domain.csproj", "{54B74309-C423-4A0C-99CC-8E40A10DFE4B}"
EndProject
Project("{9A19103F-16F7-4668-BE54-9A1E7A4F7556}") = "FlashCardApplication.AppServices", "FlashCardApplication.AppServices\FlashCardApplication.AppServices.csproj", "{ADCF9BCE-373E-4289-9E3E-CA0C566735AD}"
EndProject
Project("{FAE04EC0-301F-11D3-BF4B-00C04F79EFBC}") = "FlashCardApplication.Persistense", "FlashCardApplication.Persistense\FlashCardApplication.Persistense.csproj", "{E170A81A-5557-4931-A842-4781D4F0AB81}"
EndProject
Global
	GlobalSection(SolutionConfigurationPlatforms) = preSolution
		Debug|Any CPU = Debug|Any CPU
		Release|Any CPU = Release|Any CPU
	EndGlobalSection
	GlobalSection(ProjectConfigurationPlatforms) = postSolution
		{DF1E5C51-BE59-4EED-BBB0-7303FCFB0381}.Debug|Any CPU.ActiveCfg = Debug|Any CPU
		{DF1E5C51-BE59-4EED-BBB0-7303FCFB0381}.Debug|Any CPU.Build.0 = Debug|Any CPU
		{DF1E5C51-BE59-4EED-BBB0-7303FCFB0381}.Debug|Any CPU.Deploy.0 = Debug|Any CPU
		{DF1E5C51-BE59-4EED-BBB0-7303FCFB0381}.Release|Any CPU.ActiveCfg = Release|Any CPU
		{DF1E5C51-BE59-4EED-BBB0-7303FCFB0381}.Release|Any CPU.Build.0 = Release|Any CPU
		{DF1E5C51-BE59-4EED-BBB0-7303FCFB0381}.Release|Any CPU.Deploy.0 = Release|Any CPU
		{54B74309-C423-4A0C-99CC-8E40A10DFE4B}.Debug|Any CPU.ActiveCfg = Debug|Any CPU
		{54B74309-C423-4A0C-99CC-8E40A10DFE4B}.Debug|Any CPU.Build.0 = Debug|Any CPU
		{54B74309-C423-4A0C-99CC-8E40A10DFE4B}.Release|Any CPU.ActiveCfg = Release|Any CPU
		{54B74309-C423-4A0C-99CC-8E40A10DFE4B}.Release|Any CPU.Build.0 = Release|Any CPU
		{ADCF9BCE-373E-4289-9E3E-CA0C566735AD}.Debug|Any CPU.ActiveCfg = Debug|Any CPU
		{ADCF9BCE-373E-4289-9E3E-CA0C566735AD}.Debug|Any CPU.Build.0 = Debug|Any CPU
		{ADCF9BCE-373E-4289-9E3E-CA0C566735AD}.Release|Any CPU.ActiveCfg = Release|Any CPU
		{ADCF9BCE-373E-4289-9E3E-CA0C566735AD}.Release|Any CPU.Build.0 = Release|Any CPU
		{E170A81A-5557-4931-A842-4781D4F0AB81}.Debug|Any CPU.ActiveCfg = Debug|Any CPU
		{E170A81A-5557-4931-A842-4781D4F0AB81}.Debug|Any CPU.Build.0 = Debug|Any CPU
		{E170A81A-5557-4931-A842-4781D4F0AB81}.Release|Any CPU.ActiveCfg = Release|Any CPU
		{E170A81A-5557-4931-A842-4781D4F0AB81}.Release|Any CPU.Build.0 = Release|Any CPU
	EndGlobalSection
	GlobalSection(SolutionProperties) = preSolution
		HideSolutionNode = FALSE
	EndGlobalSection
	GlobalSection(ExtensibilityGlobals) = postSolution
		SolutionGuid = {61F7FB11-1E47-470C-91E2-47F8143E1572}
	EndGlobalSection
EndGlobal
