
Microsoft Visual Studio Solution File, Format Version 12.00
# Visual Studio Version 17
VisualStudioVersion = 17.0.31611.283
MinimumVisualStudioVersion = 10.0.40219.1
Project("{9A19103F-16F7-4668-BE54-9A1E7A4F7556}") = "FlashCardApplication.UI", "FlashCardApplication.UI\FlashCardApplication.UI.csproj", "{A6B9D3AF-D031-46E8-9408-881F9203FB85}"
EndProject
Project("{9A19103F-16F7-4668-BE54-9A1E7A4F7556}") = "FlashCardApplication.Domain", "FlashCardApplication.Domain\FlashCardApplication.Domain.csproj", "{2D91351D-B3B6-43F4-BBB4-DFD87E2035AE}"
EndProject
Project("{9A19103F-16F7-4668-BE54-9A1E7A4F7556}") = "FlashCardApplication.Application", "FlashCardApplication.Application\FlashCardApplication.Application.csproj", "{C5B08360-E4AA-4C35-9316-D18E0C9CF063}"
EndProject
Project("{9A19103F-16F7-4668-BE54-9A1E7A4F7556}") = "FlashCardApplication.Persistense", "FlashCardApplication.Persistense\FlashCardApplication.Persistense.csproj", "{3F77B3EF-BA9A-4CD7-92F2-EC23D48D3FFD}"
EndProject
Project("{9A19103F-16F7-4668-BE54-9A1E7A4F7556}") = "Serializer", "..\..\OOP_2023_Serializer\Serializer\Serializer.csproj", "{FA61405A-A80F-41BB-84BE-9812ADCC5029}"
EndProject
Global
	GlobalSection(SolutionConfigurationPlatforms) = preSolution
		Debug|Any CPU = Debug|Any CPU
		Release|Any CPU = Release|Any CPU
	EndGlobalSection
	GlobalSection(ProjectConfigurationPlatforms) = postSolution
		{A6B9D3AF-D031-46E8-9408-881F9203FB85}.Debug|Any CPU.ActiveCfg = Debug|Any CPU
		{A6B9D3AF-D031-46E8-9408-881F9203FB85}.Debug|Any CPU.Build.0 = Debug|Any CPU
		{A6B9D3AF-D031-46E8-9408-881F9203FB85}.Debug|Any CPU.Deploy.0 = Debug|Any CPU
		{A6B9D3AF-D031-46E8-9408-881F9203FB85}.Release|Any CPU.ActiveCfg = Release|Any CPU
		{A6B9D3AF-D031-46E8-9408-881F9203FB85}.Release|Any CPU.Build.0 = Release|Any CPU
		{A6B9D3AF-D031-46E8-9408-881F9203FB85}.Release|Any CPU.Deploy.0 = Release|Any CPU
		{2D91351D-B3B6-43F4-BBB4-DFD87E2035AE}.Debug|Any CPU.ActiveCfg = Debug|Any CPU
		{2D91351D-B3B6-43F4-BBB4-DFD87E2035AE}.Debug|Any CPU.Build.0 = Debug|Any CPU
		{2D91351D-B3B6-43F4-BBB4-DFD87E2035AE}.Release|Any CPU.ActiveCfg = Release|Any CPU
		{2D91351D-B3B6-43F4-BBB4-DFD87E2035AE}.Release|Any CPU.Build.0 = Release|Any CPU
		{C5B08360-E4AA-4C35-9316-D18E0C9CF063}.Debug|Any CPU.ActiveCfg = Debug|Any CPU
		{C5B08360-E4AA-4C35-9316-D18E0C9CF063}.Debug|Any CPU.Build.0 = Debug|Any CPU
		{C5B08360-E4AA-4C35-9316-D18E0C9CF063}.Release|Any CPU.ActiveCfg = Release|Any CPU
		{C5B08360-E4AA-4C35-9316-D18E0C9CF063}.Release|Any CPU.Build.0 = Release|Any CPU
		{3F77B3EF-BA9A-4CD7-92F2-EC23D48D3FFD}.Debug|Any CPU.ActiveCfg = Debug|Any CPU
		{3F77B3EF-BA9A-4CD7-92F2-EC23D48D3FFD}.Debug|Any CPU.Build.0 = Debug|Any CPU
		{3F77B3EF-BA9A-4CD7-92F2-EC23D48D3FFD}.Release|Any CPU.ActiveCfg = Release|Any CPU
		{3F77B3EF-BA9A-4CD7-92F2-EC23D48D3FFD}.Release|Any CPU.Build.0 = Release|Any CPU
		{FA61405A-A80F-41BB-84BE-9812ADCC5029}.Debug|Any CPU.ActiveCfg = Debug|Any CPU
		{FA61405A-A80F-41BB-84BE-9812ADCC5029}.Debug|Any CPU.Build.0 = Debug|Any CPU
		{FA61405A-A80F-41BB-84BE-9812ADCC5029}.Release|Any CPU.ActiveCfg = Release|Any CPU
		{FA61405A-A80F-41BB-84BE-9812ADCC5029}.Release|Any CPU.Build.0 = Release|Any CPU
	EndGlobalSection
	GlobalSection(SolutionProperties) = preSolution
		HideSolutionNode = FALSE
	EndGlobalSection
	GlobalSection(ExtensibilityGlobals) = postSolution
		SolutionGuid = {61F7FB11-1E47-470C-91E2-47F8143E1572}
	EndGlobalSection
EndGlobal
